// !$*UTF8*$!
{
	archiveVersion = 1;
	classes = {
	};
	objectVersion = 56;
	objects = {

/* Begin PBXBuildFile section */
		0497BB472C886A2D00A450E7 /* LSMovieCard.swift in Sources */ = {isa = PBXBuildFile; fileRef = 0497BB462C886A2D00A450E7 /* LSMovieCard.swift */; };
		0497BB492C89EF9E00A450E7 /* MovieCardScrollable.swift in Sources */ = {isa = PBXBuildFile; fileRef = 0497BB482C89EF9E00A450E7 /* MovieCardScrollable.swift */; };
		049CCE9B2C859905001AA1C8 /* MovieVerseApp.swift in Sources */ = {isa = PBXBuildFile; fileRef = 049CCE9A2C859905001AA1C8 /* MovieVerseApp.swift */; };
		049CCE9D2C859905001AA1C8 /* ContentView.swift in Sources */ = {isa = PBXBuildFile; fileRef = 049CCE9C2C859905001AA1C8 /* ContentView.swift */; };
		049CCE9F2C85990B001AA1C8 /* Assets.xcassets in Resources */ = {isa = PBXBuildFile; fileRef = 049CCE9E2C85990B001AA1C8 /* Assets.xcassets */; };
		049CCEA22C85990B001AA1C8 /* Preview Assets.xcassets in Resources */ = {isa = PBXBuildFile; fileRef = 049CCEA12C85990B001AA1C8 /* Preview Assets.xcassets */; };
		049CCEA42C85990B001AA1C8 /* Persistence.swift in Sources */ = {isa = PBXBuildFile; fileRef = 049CCEA32C85990B001AA1C8 /* Persistence.swift */; };
		049CCEA72C85990B001AA1C8 /* MovieVerse.xcdatamodeld in Sources */ = {isa = PBXBuildFile; fileRef = 049CCEA52C85990B001AA1C8 /* MovieVerse.xcdatamodeld */; };
		049CCEB32C85A88B001AA1C8 /* SearchField.swift in Sources */ = {isa = PBXBuildFile; fileRef = 049CCEB22C85A88B001AA1C8 /* SearchField.swift */; };
		049CCEB62C85A930001AA1C8 /* MovieCard.swift in Sources */ = {isa = PBXBuildFile; fileRef = 049CCEB52C85A930001AA1C8 /* MovieCard.swift */; };
		049CCECC2C85F222001AA1C8 /* BaseApi.swift in Sources */ = {isa = PBXBuildFile; fileRef = 049CCECB2C85F222001AA1C8 /* BaseApi.swift */; };
		049CCECE2C871949001AA1C8 /* NoMovieFoundView.swift in Sources */ = {isa = PBXBuildFile; fileRef = 049CCECD2C871948001AA1C8 /* NoMovieFoundView.swift */; };
		049CCED02C871F18001AA1C8 /* MovieDetailsView.swift in Sources */ = {isa = PBXBuildFile; fileRef = 049CCECF2C871F18001AA1C8 /* MovieDetailsView.swift */; };
		049CCEE82C873DB8001AA1C8 /* MovieItem+CoreDataClass.swift in Sources */ = {isa = PBXBuildFile; fileRef = 049CCEE62C873DB8001AA1C8 /* MovieItem+CoreDataClass.swift */; };
		049CCEE92C873DB8001AA1C8 /* MovieItem+CoreDataProperties.swift in Sources */ = {isa = PBXBuildFile; fileRef = 049CCEE72C873DB8001AA1C8 /* MovieItem+CoreDataProperties.swift */; };
		049CCEEC2C875BFB001AA1C8 /* MovieManager.swift in Sources */ = {isa = PBXBuildFile; fileRef = 049CCEEB2C875BFB001AA1C8 /* MovieManager.swift */; };
		04B92C082C8EDA2F008724C9 /* constants.swift in Sources */ = {isa = PBXBuildFile; fileRef = 04B92C062C8EDA2F008724C9 /* constants.swift */; };
		04B92C182C8EDA6E008724C9 /* Movie.swift in Sources */ = {isa = PBXBuildFile; fileRef = 04B92C092C8EDA6E008724C9 /* Movie.swift */; };
		04B92C192C8EDA6E008724C9 /* MoviesData.swift in Sources */ = {isa = PBXBuildFile; fileRef = 04B92C0A2C8EDA6E008724C9 /* MoviesData.swift */; };
		04B92C1A2C8EDA6E008724C9 /* MoviesViewModel.swift in Sources */ = {isa = PBXBuildFile; fileRef = 04B92C0C2C8EDA6E008724C9 /* MoviesViewModel.swift */; };
		04B92C1B2C8EDA6E008724C9 /* GlobalSearchContainer.swift in Sources */ = {isa = PBXBuildFile; fileRef = 04B92C0E2C8EDA6E008724C9 /* GlobalSearchContainer.swift */; };
		04B92C1C2C8EDA6E008724C9 /* LocalSearchContainer.swift in Sources */ = {isa = PBXBuildFile; fileRef = 04B92C0F2C8EDA6E008724C9 /* LocalSearchContainer.swift */; };
		04B92C1D2C8EDA6E008724C9 /* HomeView.swift in Sources */ = {isa = PBXBuildFile; fileRef = 04B92C112C8EDA6E008724C9 /* HomeView.swift */; };
		04B92C1E2C8EDA6E008724C9 /* LocalSearchView.swift in Sources */ = {isa = PBXBuildFile; fileRef = 04B92C122C8EDA6E008724C9 /* LocalSearchView.swift */; };
		04B92C1F2C8EDA6E008724C9 /* RecentlyViewedView.swift in Sources */ = {isa = PBXBuildFile; fileRef = 04B92C132C8EDA6E008724C9 /* RecentlyViewedView.swift */; };
		04B92C222C8EEB3F008724C9 /* NetworkErrorHandling.swift in Sources */ = {isa = PBXBuildFile; fileRef = 04B92C212C8EEB3F008724C9 /* NetworkErrorHandling.swift */; };
		04B92C242C8F3A76008724C9 /* DateRangePickerView.swift in Sources */ = {isa = PBXBuildFile; fileRef = 04B92C232C8F3A76008724C9 /* DateRangePickerView.swift */; };
		04B92C262C9037E0008724C9 /* DateRangedMoviesView.swift in Sources */ = {isa = PBXBuildFile; fileRef = 04B92C252C9037E0008724C9 /* DateRangedMoviesView.swift */; };
		04B92C282C903968008724C9 /* LocalMovies.swift in Sources */ = {isa = PBXBuildFile; fileRef = 04B92C272C903968008724C9 /* LocalMovies.swift */; };
		04B92C2A2C903A21008724C9 /* UpComingMoviesView.swift in Sources */ = {isa = PBXBuildFile; fileRef = 04B92C292C903A21008724C9 /* UpComingMoviesView.swift */; };
		04B92C2C2C903AD8008724C9 /* RecentlyViewedMoviesView.swift in Sources */ = {isa = PBXBuildFile; fileRef = 04B92C2B2C903AD8008724C9 /* RecentlyViewedMoviesView.swift */; };
		04B92C2E2C903C06008724C9 /* SearchMoviesView.swift in Sources */ = {isa = PBXBuildFile; fileRef = 04B92C2D2C903C06008724C9 /* SearchMoviesView.swift */; };
		04B92C312C908289008724C9 /* Search.swift in Sources */ = {isa = PBXBuildFile; fileRef = 04B92C302C908289008724C9 /* Search.swift */; };
/* End PBXBuildFile section */

/* Begin PBXFileReference section */
		0497BB462C886A2D00A450E7 /* LSMovieCard.swift */ = {isa = PBXFileReference; lastKnownFileType = sourcecode.swift; path = LSMovieCard.swift; sourceTree = "<group>"; };
		0497BB482C89EF9E00A450E7 /* MovieCardScrollable.swift */ = {isa = PBXFileReference; lastKnownFileType = sourcecode.swift; path = MovieCardScrollable.swift; sourceTree = "<group>"; };
		049CCE972C859905001AA1C8 /* MovieVerse.app */ = {isa = PBXFileReference; explicitFileType = wrapper.application; includeInIndex = 0; path = MovieVerse.app; sourceTree = BUILT_PRODUCTS_DIR; };
		049CCE9A2C859905001AA1C8 /* MovieVerseApp.swift */ = {isa = PBXFileReference; lastKnownFileType = sourcecode.swift; path = MovieVerseApp.swift; sourceTree = "<group>"; };
		049CCE9C2C859905001AA1C8 /* ContentView.swift */ = {isa = PBXFileReference; lastKnownFileType = sourcecode.swift; path = ContentView.swift; sourceTree = "<group>"; };
		049CCE9E2C85990B001AA1C8 /* Assets.xcassets */ = {isa = PBXFileReference; lastKnownFileType = folder.assetcatalog; path = Assets.xcassets; sourceTree = "<group>"; };
		049CCEA12C85990B001AA1C8 /* Preview Assets.xcassets */ = {isa = PBXFileReference; lastKnownFileType = folder.assetcatalog; path = "Preview Assets.xcassets"; sourceTree = "<group>"; };
		049CCEA32C85990B001AA1C8 /* Persistence.swift */ = {isa = PBXFileReference; lastKnownFileType = sourcecode.swift; path = Persistence.swift; sourceTree = "<group>"; };
		049CCEA62C85990B001AA1C8 /* MovieVerse.xcdatamodel */ = {isa = PBXFileReference; lastKnownFileType = wrapper.xcdatamodel; path = MovieVerse.xcdatamodel; sourceTree = "<group>"; };
		049CCEB22C85A88B001AA1C8 /* SearchField.swift */ = {isa = PBXFileReference; lastKnownFileType = sourcecode.swift; path = SearchField.swift; sourceTree = "<group>"; };
		049CCEB52C85A930001AA1C8 /* MovieCard.swift */ = {isa = PBXFileReference; lastKnownFileType = sourcecode.swift; path = MovieCard.swift; sourceTree = "<group>"; };
		049CCECB2C85F222001AA1C8 /* BaseApi.swift */ = {isa = PBXFileReference; lastKnownFileType = sourcecode.swift; path = BaseApi.swift; sourceTree = "<group>"; };
		049CCECD2C871948001AA1C8 /* NoMovieFoundView.swift */ = {isa = PBXFileReference; lastKnownFileType = sourcecode.swift; path = NoMovieFoundView.swift; sourceTree = "<group>"; };
		049CCECF2C871F18001AA1C8 /* MovieDetailsView.swift */ = {isa = PBXFileReference; lastKnownFileType = sourcecode.swift; path = MovieDetailsView.swift; sourceTree = "<group>"; };
		049CCEE62C873DB8001AA1C8 /* MovieItem+CoreDataClass.swift */ = {isa = PBXFileReference; lastKnownFileType = sourcecode.swift; path = "MovieItem+CoreDataClass.swift"; sourceTree = "<group>"; };
		049CCEE72C873DB8001AA1C8 /* MovieItem+CoreDataProperties.swift */ = {isa = PBXFileReference; lastKnownFileType = sourcecode.swift; path = "MovieItem+CoreDataProperties.swift"; sourceTree = "<group>"; };
		049CCEEB2C875BFB001AA1C8 /* MovieManager.swift */ = {isa = PBXFileReference; lastKnownFileType = sourcecode.swift; path = MovieManager.swift; sourceTree = "<group>"; };
		04B92C062C8EDA2F008724C9 /* constants.swift */ = {isa = PBXFileReference; fileEncoding = 4; lastKnownFileType = sourcecode.swift; path = constants.swift; sourceTree = "<group>"; };
		04B92C092C8EDA6E008724C9 /* Movie.swift */ = {isa = PBXFileReference; fileEncoding = 4; lastKnownFileType = sourcecode.swift; path = Movie.swift; sourceTree = "<group>"; };
		04B92C0A2C8EDA6E008724C9 /* MoviesData.swift */ = {isa = PBXFileReference; fileEncoding = 4; lastKnownFileType = sourcecode.swift; path = MoviesData.swift; sourceTree = "<group>"; };
		04B92C0C2C8EDA6E008724C9 /* MoviesViewModel.swift */ = {isa = PBXFileReference; fileEncoding = 4; lastKnownFileType = sourcecode.swift; path = MoviesViewModel.swift; sourceTree = "<group>"; };
		04B92C0E2C8EDA6E008724C9 /* GlobalSearchContainer.swift */ = {isa = PBXFileReference; fileEncoding = 4; lastKnownFileType = sourcecode.swift; path = GlobalSearchContainer.swift; sourceTree = "<group>"; };
		04B92C0F2C8EDA6E008724C9 /* LocalSearchContainer.swift */ = {isa = PBXFileReference; fileEncoding = 4; lastKnownFileType = sourcecode.swift; path = LocalSearchContainer.swift; sourceTree = "<group>"; };
		04B92C112C8EDA6E008724C9 /* HomeView.swift */ = {isa = PBXFileReference; fileEncoding = 4; lastKnownFileType = sourcecode.swift; path = HomeView.swift; sourceTree = "<group>"; };
		04B92C122C8EDA6E008724C9 /* LocalSearchView.swift */ = {isa = PBXFileReference; fileEncoding = 4; lastKnownFileType = sourcecode.swift; path = LocalSearchView.swift; sourceTree = "<group>"; };
		04B92C132C8EDA6E008724C9 /* RecentlyViewedView.swift */ = {isa = PBXFileReference; fileEncoding = 4; lastKnownFileType = sourcecode.swift; path = RecentlyViewedView.swift; sourceTree = "<group>"; };
		04B92C212C8EEB3F008724C9 /* NetworkErrorHandling.swift */ = {isa = PBXFileReference; lastKnownFileType = sourcecode.swift; path = NetworkErrorHandling.swift; sourceTree = "<group>"; };
		04B92C232C8F3A76008724C9 /* DateRangePickerView.swift */ = {isa = PBXFileReference; lastKnownFileType = sourcecode.swift; path = DateRangePickerView.swift; sourceTree = "<group>"; };
		04B92C252C9037E0008724C9 /* DateRangedMoviesView.swift */ = {isa = PBXFileReference; lastKnownFileType = sourcecode.swift; path = DateRangedMoviesView.swift; sourceTree = "<group>"; };
		04B92C272C903968008724C9 /* LocalMovies.swift */ = {isa = PBXFileReference; lastKnownFileType = sourcecode.swift; path = LocalMovies.swift; sourceTree = "<group>"; };
		04B92C292C903A21008724C9 /* UpComingMoviesView.swift */ = {isa = PBXFileReference; lastKnownFileType = sourcecode.swift; path = UpComingMoviesView.swift; sourceTree = "<group>"; };
		04B92C2B2C903AD8008724C9 /* RecentlyViewedMoviesView.swift */ = {isa = PBXFileReference; lastKnownFileType = sourcecode.swift; path = RecentlyViewedMoviesView.swift; sourceTree = "<group>"; };
		04B92C2D2C903C06008724C9 /* SearchMoviesView.swift */ = {isa = PBXFileReference; lastKnownFileType = sourcecode.swift; path = SearchMoviesView.swift; sourceTree = "<group>"; };
		04B92C302C908289008724C9 /* Search.swift */ = {isa = PBXFileReference; lastKnownFileType = sourcecode.swift; path = Search.swift; sourceTree = "<group>"; };
/* End PBXFileReference section */

/* Begin PBXFrameworksBuildPhase section */
		049CCE942C859905001AA1C8 /* Frameworks */ = {
			isa = PBXFrameworksBuildPhase;
			buildActionMask = 2147483647;
			files = (
			);
			runOnlyForDeploymentPostprocessing = 0;
		};
/* End PBXFrameworksBuildPhase section */

/* Begin PBXGroup section */
		049CCE8E2C859904001AA1C8 = {
			isa = PBXGroup;
			children = (
				049CCE992C859905001AA1C8 /* MovieVerse */,
				049CCE982C859905001AA1C8 /* Products */,
			);
			sourceTree = "<group>";
		};
		049CCE982C859905001AA1C8 /* Products */ = {
			isa = PBXGroup;
			children = (
				049CCE972C859905001AA1C8 /* MovieVerse.app */,
			);
			name = Products;
			sourceTree = "<group>";
		};
		049CCE992C859905001AA1C8 /* MovieVerse */ = {
			isa = PBXGroup;
			children = (
				04B92C2F2C908270008724C9 /* ServiceLayer */,
				04B92C072C8EDA2F008724C9 /* Constants */,
				049CCEC12C85E9B5001AA1C8 /* NetworkLayer */,
				049CCEC02C85E996001AA1C8 /* CoreDataManager */,
				04B92C172C8EDA6E008724C9 /* Modules */,
				049CCEB12C85A851001AA1C8 /* CommonViews */,
				049CCE9A2C859905001AA1C8 /* MovieVerseApp.swift */,
				049CCE9C2C859905001AA1C8 /* ContentView.swift */,
				049CCE9E2C85990B001AA1C8 /* Assets.xcassets */,
				049CCEA02C85990B001AA1C8 /* Preview Content */,
			);
			path = MovieVerse;
			sourceTree = "<group>";
		};
		049CCEA02C85990B001AA1C8 /* Preview Content */ = {
			isa = PBXGroup;
			children = (
				049CCEA12C85990B001AA1C8 /* Preview Assets.xcassets */,
			);
			path = "Preview Content";
			sourceTree = "<group>";
		};
		049CCEB12C85A851001AA1C8 /* CommonViews */ = {
			isa = PBXGroup;
			children = (
				049CCEB22C85A88B001AA1C8 /* SearchField.swift */,
				049CCEB52C85A930001AA1C8 /* MovieCard.swift */,
				049CCECD2C871948001AA1C8 /* NoMovieFoundView.swift */,
				049CCECF2C871F18001AA1C8 /* MovieDetailsView.swift */,
				0497BB462C886A2D00A450E7 /* LSMovieCard.swift */,
				0497BB482C89EF9E00A450E7 /* MovieCardScrollable.swift */,
				04B92C232C8F3A76008724C9 /* DateRangePickerView.swift */,
			);
			path = CommonViews;
			sourceTree = "<group>";
		};
		049CCEC02C85E996001AA1C8 /* CoreDataManager */ = {
			isa = PBXGroup;
			children = (
				049CCEEA2C874032001AA1C8 /* MovieItem */,
				049CCEA52C85990B001AA1C8 /* MovieVerse.xcdatamodeld */,
				049CCEA32C85990B001AA1C8 /* Persistence.swift */,
			);
			path = CoreDataManager;
			sourceTree = "<group>";
		};
		049CCEC12C85E9B5001AA1C8 /* NetworkLayer */ = {
			isa = PBXGroup;
			children = (
				04B92C202C8EEB1D008724C9 /* NetworkError */,
				049CCED92C873119001AA1C8 /* BaseAPI */,
			);
			path = NetworkLayer;
			sourceTree = "<group>";
		};
		049CCED92C873119001AA1C8 /* BaseAPI */ = {
			isa = PBXGroup;
			children = (
				049CCECB2C85F222001AA1C8 /* BaseApi.swift */,
			);
			path = BaseAPI;
			sourceTree = "<group>";
		};
		049CCEEA2C874032001AA1C8 /* MovieItem */ = {
			isa = PBXGroup;
			children = (
				049CCEE72C873DB8001AA1C8 /* MovieItem+CoreDataProperties.swift */,
				049CCEE62C873DB8001AA1C8 /* MovieItem+CoreDataClass.swift */,
				049CCEEB2C875BFB001AA1C8 /* MovieManager.swift */,
			);
			path = MovieItem;
			sourceTree = "<group>";
		};
		04B92C072C8EDA2F008724C9 /* Constants */ = {
			isa = PBXGroup;
			children = (
				04B92C062C8EDA2F008724C9 /* constants.swift */,
			);
			path = Constants;
			sourceTree = "<group>";
		};
		04B92C0B2C8EDA6E008724C9 /* Models */ = {
			isa = PBXGroup;
			children = (
				04B92C092C8EDA6E008724C9 /* Movie.swift */,
				04B92C0A2C8EDA6E008724C9 /* MoviesData.swift */,
			);
			path = Models;
			sourceTree = "<group>";
		};
		04B92C0D2C8EDA6E008724C9 /* ViewModel */ = {
			isa = PBXGroup;
			children = (
				04B92C0C2C8EDA6E008724C9 /* MoviesViewModel.swift */,
			);
			path = ViewModel;
			sourceTree = "<group>";
		};
		04B92C102C8EDA6E008724C9 /* CommonViews */ = {
			isa = PBXGroup;
			children = (
				04B92C0E2C8EDA6E008724C9 /* GlobalSearchContainer.swift */,
				04B92C0F2C8EDA6E008724C9 /* LocalSearchContainer.swift */,
				04B92C252C9037E0008724C9 /* DateRangedMoviesView.swift */,
				04B92C272C903968008724C9 /* LocalMovies.swift */,
				04B92C292C903A21008724C9 /* UpComingMoviesView.swift */,
				04B92C2B2C903AD8008724C9 /* RecentlyViewedMoviesView.swift */,
				04B92C2D2C903C06008724C9 /* SearchMoviesView.swift */,
			);
			path = CommonViews;
			sourceTree = "<group>";
		};
		04B92C142C8EDA6E008724C9 /* MainViews */ = {
			isa = PBXGroup;
			children = (
				04B92C112C8EDA6E008724C9 /* HomeView.swift */,
				04B92C122C8EDA6E008724C9 /* LocalSearchView.swift */,
				04B92C132C8EDA6E008724C9 /* RecentlyViewedView.swift */,
			);
			path = MainViews;
			sourceTree = "<group>";
		};
		04B92C152C8EDA6E008724C9 /* Views */ = {
			isa = PBXGroup;
			children = (
				04B92C102C8EDA6E008724C9 /* CommonViews */,
				04B92C142C8EDA6E008724C9 /* MainViews */,
			);
			path = Views;
			sourceTree = "<group>";
		};
		04B92C162C8EDA6E008724C9 /* Movies */ = {
			isa = PBXGroup;
			children = (
				04B92C0B2C8EDA6E008724C9 /* Models */,
				04B92C0D2C8EDA6E008724C9 /* ViewModel */,
				04B92C152C8EDA6E008724C9 /* Views */,
			);
			path = Movies;
			sourceTree = "<group>";
		};
		04B92C172C8EDA6E008724C9 /* Modules */ = {
			isa = PBXGroup;
			children = (
				04B92C162C8EDA6E008724C9 /* Movies */,
			);
			path = Modules;
			sourceTree = "<group>";
		};
		04B92C202C8EEB1D008724C9 /* NetworkError */ = {
			isa = PBXGroup;
			children = (
				04B92C212C8EEB3F008724C9 /* NetworkErrorHandling.swift */,
			);
			path = NetworkError;
			sourceTree = "<group>";
		};
		04B92C2F2C908270008724C9 /* ServiceLayer */ = {
			isa = PBXGroup;
			children = (
				04B92C302C908289008724C9 /* Search.swift */,
			);
			path = ServiceLayer;
			sourceTree = "<group>";
		};
/* End PBXGroup section */

/* Begin PBXNativeTarget section */
		049CCE962C859905001AA1C8 /* MovieVerse */ = {
			isa = PBXNativeTarget;
			buildConfigurationList = 049CCEAA2C85990B001AA1C8 /* Build configuration list for PBXNativeTarget "MovieVerse" */;
			buildPhases = (
				049CCE932C859905001AA1C8 /* Sources */,
				049CCE942C859905001AA1C8 /* Frameworks */,
				049CCE952C859905001AA1C8 /* Resources */,
			);
			buildRules = (
			);
			dependencies = (
			);
			name = MovieVerse;
			productName = MovieVerse;
			productReference = 049CCE972C859905001AA1C8 /* MovieVerse.app */;
			productType = "com.apple.product-type.application";
		};
/* End PBXNativeTarget section */

/* Begin PBXProject section */
		049CCE8F2C859905001AA1C8 /* Project object */ = {
			isa = PBXProject;
			attributes = {
				BuildIndependentTargetsInParallel = 1;
				LastSwiftUpdateCheck = 1540;
				LastUpgradeCheck = 1540;
				TargetAttributes = {
					049CCE962C859905001AA1C8 = {
						CreatedOnToolsVersion = 15.4;
					};
				};
			};
			buildConfigurationList = 049CCE922C859905001AA1C8 /* Build configuration list for PBXProject "MovieVerse" */;
			compatibilityVersion = "Xcode 14.0";
			developmentRegion = en;
			hasScannedForEncodings = 0;
			knownRegions = (
				en,
				Base,
			);
			mainGroup = 049CCE8E2C859904001AA1C8;
			productRefGroup = 049CCE982C859905001AA1C8 /* Products */;
			projectDirPath = "";
			projectRoot = "";
			targets = (
				049CCE962C859905001AA1C8 /* MovieVerse */,
			);
		};
/* End PBXProject section */

/* Begin PBXResourcesBuildPhase section */
		049CCE952C859905001AA1C8 /* Resources */ = {
			isa = PBXResourcesBuildPhase;
			buildActionMask = 2147483647;
			files = (
				049CCEA22C85990B001AA1C8 /* Preview Assets.xcassets in Resources */,
				049CCE9F2C85990B001AA1C8 /* Assets.xcassets in Resources */,
			);
			runOnlyForDeploymentPostprocessing = 0;
		};
/* End PBXResourcesBuildPhase section */

/* Begin PBXSourcesBuildPhase section */
		049CCE932C859905001AA1C8 /* Sources */ = {
			isa = PBXSourcesBuildPhase;
			buildActionMask = 2147483647;
			files = (
				0497BB472C886A2D00A450E7 /* LSMovieCard.swift in Sources */,
				049CCEA72C85990B001AA1C8 /* MovieVerse.xcdatamodeld in Sources */,
				04B92C282C903968008724C9 /* LocalMovies.swift in Sources */,
				049CCEA42C85990B001AA1C8 /* Persistence.swift in Sources */,
				0497BB492C89EF9E00A450E7 /* MovieCardScrollable.swift in Sources */,
				049CCED02C871F18001AA1C8 /* MovieDetailsView.swift in Sources */,
				049CCEEC2C875BFB001AA1C8 /* MovieManager.swift in Sources */,
				04B92C222C8EEB3F008724C9 /* NetworkErrorHandling.swift in Sources */,
				04B92C182C8EDA6E008724C9 /* Movie.swift in Sources */,
				049CCEB62C85A930001AA1C8 /* MovieCard.swift in Sources */,
				049CCECC2C85F222001AA1C8 /* BaseApi.swift in Sources */,
				04B92C192C8EDA6E008724C9 /* MoviesData.swift in Sources */,
				04B92C1F2C8EDA6E008724C9 /* RecentlyViewedView.swift in Sources */,
				04B92C2C2C903AD8008724C9 /* RecentlyViewedMoviesView.swift in Sources */,
				04B92C082C8EDA2F008724C9 /* constants.swift in Sources */,
				04B92C312C908289008724C9 /* Search.swift in Sources */,
				049CCEB32C85A88B001AA1C8 /* SearchField.swift in Sources */,
				04B92C2A2C903A21008724C9 /* UpComingMoviesView.swift in Sources */,
				04B92C2E2C903C06008724C9 /* SearchMoviesView.swift in Sources */,
				049CCE9D2C859905001AA1C8 /* ContentView.swift in Sources */,
				04B92C1B2C8EDA6E008724C9 /* GlobalSearchContainer.swift in Sources */,
				04B92C262C9037E0008724C9 /* DateRangedMoviesView.swift in Sources */,
				04B92C1E2C8EDA6E008724C9 /* LocalSearchView.swift in Sources */,
				04B92C1A2C8EDA6E008724C9 /* MoviesViewModel.swift in Sources */,
				04B92C1D2C8EDA6E008724C9 /* HomeView.swift in Sources */,
				04B92C242C8F3A76008724C9 /* DateRangePickerView.swift in Sources */,
				049CCE9B2C859905001AA1C8 /* MovieVerseApp.swift in Sources */,
				049CCEE82C873DB8001AA1C8 /* MovieItem+CoreDataClass.swift in Sources */,
				04B92C1C2C8EDA6E008724C9 /* LocalSearchContainer.swift in Sources */,
				049CCEE92C873DB8001AA1C8 /* MovieItem+CoreDataProperties.swift in Sources */,
				049CCECE2C871949001AA1C8 /* NoMovieFoundView.swift in Sources */,
			);
			runOnlyForDeploymentPostprocessing = 0;
		};
/* End PBXSourcesBuildPhase section */

/* Begin XCBuildConfiguration section */
		049CCEA82C85990B001AA1C8 /* Debug */ = {
			isa = XCBuildConfiguration;
			buildSettings = {
				ALWAYS_SEARCH_USER_PATHS = NO;
				ASSETCATALOG_COMPILER_GENERATE_SWIFT_ASSET_SYMBOL_EXTENSIONS = YES;
				CLANG_ANALYZER_NONNULL = YES;
				CLANG_ANALYZER_NUMBER_OBJECT_CONVERSION = YES_AGGRESSIVE;
				CLANG_CXX_LANGUAGE_STANDARD = "gnu++20";
				CLANG_ENABLE_MODULES = YES;
				CLANG_ENABLE_OBJC_ARC = YES;
				CLANG_ENABLE_OBJC_WEAK = YES;
				CLANG_WARN_BLOCK_CAPTURE_AUTORELEASING = YES;
				CLANG_WARN_BOOL_CONVERSION = YES;
				CLANG_WARN_COMMA = YES;
				CLANG_WARN_CONSTANT_CONVERSION = YES;
				CLANG_WARN_DEPRECATED_OBJC_IMPLEMENTATIONS = YES;
				CLANG_WARN_DIRECT_OBJC_ISA_USAGE = YES_ERROR;
				CLANG_WARN_DOCUMENTATION_COMMENTS = YES;
				CLANG_WARN_EMPTY_BODY = YES;
				CLANG_WARN_ENUM_CONVERSION = YES;
				CLANG_WARN_INFINITE_RECURSION = YES;
				CLANG_WARN_INT_CONVERSION = YES;
				CLANG_WARN_NON_LITERAL_NULL_CONVERSION = YES;
				CLANG_WARN_OBJC_IMPLICIT_RETAIN_SELF = YES;
				CLANG_WARN_OBJC_LITERAL_CONVERSION = YES;
				CLANG_WARN_OBJC_ROOT_CLASS = YES_ERROR;
				CLANG_WARN_QUOTED_INCLUDE_IN_FRAMEWORK_HEADER = YES;
				CLANG_WARN_RANGE_LOOP_ANALYSIS = YES;
				CLANG_WARN_STRICT_PROTOTYPES = YES;
				CLANG_WARN_SUSPICIOUS_MOVE = YES;
				CLANG_WARN_UNGUARDED_AVAILABILITY = YES_AGGRESSIVE;
				CLANG_WARN_UNREACHABLE_CODE = YES;
				CLANG_WARN__DUPLICATE_METHOD_MATCH = YES;
				COPY_PHASE_STRIP = NO;
				DEBUG_INFORMATION_FORMAT = dwarf;
				ENABLE_STRICT_OBJC_MSGSEND = YES;
				ENABLE_TESTABILITY = YES;
				ENABLE_USER_SCRIPT_SANDBOXING = YES;
				GCC_C_LANGUAGE_STANDARD = gnu17;
				GCC_DYNAMIC_NO_PIC = NO;
				GCC_NO_COMMON_BLOCKS = YES;
				GCC_OPTIMIZATION_LEVEL = 0;
				GCC_PREPROCESSOR_DEFINITIONS = (
					"DEBUG=1",
					"$(inherited)",
				);
				GCC_WARN_64_TO_32_BIT_CONVERSION = YES;
				GCC_WARN_ABOUT_RETURN_TYPE = YES_ERROR;
				GCC_WARN_UNDECLARED_SELECTOR = YES;
				GCC_WARN_UNINITIALIZED_AUTOS = YES_AGGRESSIVE;
				GCC_WARN_UNUSED_FUNCTION = YES;
				GCC_WARN_UNUSED_VARIABLE = YES;
				IPHONEOS_DEPLOYMENT_TARGET = 17.5;
				LOCALIZATION_PREFERS_STRING_CATALOGS = YES;
				MTL_ENABLE_DEBUG_INFO = INCLUDE_SOURCE;
				MTL_FAST_MATH = YES;
				ONLY_ACTIVE_ARCH = YES;
				SDKROOT = iphoneos;
				SWIFT_ACTIVE_COMPILATION_CONDITIONS = "DEBUG $(inherited)";
				SWIFT_OPTIMIZATION_LEVEL = "-Onone";
			};
			name = Debug;
		};
		049CCEA92C85990B001AA1C8 /* Release */ = {
			isa = XCBuildConfiguration;
			buildSettings = {
				ALWAYS_SEARCH_USER_PATHS = NO;
				ASSETCATALOG_COMPILER_GENERATE_SWIFT_ASSET_SYMBOL_EXTENSIONS = YES;
				CLANG_ANALYZER_NONNULL = YES;
				CLANG_ANALYZER_NUMBER_OBJECT_CONVERSION = YES_AGGRESSIVE;
				CLANG_CXX_LANGUAGE_STANDARD = "gnu++20";
				CLANG_ENABLE_MODULES = YES;
				CLANG_ENABLE_OBJC_ARC = YES;
				CLANG_ENABLE_OBJC_WEAK = YES;
				CLANG_WARN_BLOCK_CAPTURE_AUTORELEASING = YES;
				CLANG_WARN_BOOL_CONVERSION = YES;
				CLANG_WARN_COMMA = YES;
				CLANG_WARN_CONSTANT_CONVERSION = YES;
				CLANG_WARN_DEPRECATED_OBJC_IMPLEMENTATIONS = YES;
				CLANG_WARN_DIRECT_OBJC_ISA_USAGE = YES_ERROR;
				CLANG_WARN_DOCUMENTATION_COMMENTS = YES;
				CLANG_WARN_EMPTY_BODY = YES;
				CLANG_WARN_ENUM_CONVERSION = YES;
				CLANG_WARN_INFINITE_RECURSION = YES;
				CLANG_WARN_INT_CONVERSION = YES;
				CLANG_WARN_NON_LITERAL_NULL_CONVERSION = YES;
				CLANG_WARN_OBJC_IMPLICIT_RETAIN_SELF = YES;
				CLANG_WARN_OBJC_LITERAL_CONVERSION = YES;
				CLANG_WARN_OBJC_ROOT_CLASS = YES_ERROR;
				CLANG_WARN_QUOTED_INCLUDE_IN_FRAMEWORK_HEADER = YES;
				CLANG_WARN_RANGE_LOOP_ANALYSIS = YES;
				CLANG_WARN_STRICT_PROTOTYPES = YES;
				CLANG_WARN_SUSPICIOUS_MOVE = YES;
				CLANG_WARN_UNGUARDED_AVAILABILITY = YES_AGGRESSIVE;
				CLANG_WARN_UNREACHABLE_CODE = YES;
				CLANG_WARN__DUPLICATE_METHOD_MATCH = YES;
				COPY_PHASE_STRIP = NO;
				DEBUG_INFORMATION_FORMAT = "dwarf-with-dsym";
				ENABLE_NS_ASSERTIONS = NO;
				ENABLE_STRICT_OBJC_MSGSEND = YES;
				ENABLE_USER_SCRIPT_SANDBOXING = YES;
				GCC_C_LANGUAGE_STANDARD = gnu17;
				GCC_NO_COMMON_BLOCKS = YES;
				GCC_WARN_64_TO_32_BIT_CONVERSION = YES;
				GCC_WARN_ABOUT_RETURN_TYPE = YES_ERROR;
				GCC_WARN_UNDECLARED_SELECTOR = YES;
				GCC_WARN_UNINITIALIZED_AUTOS = YES_AGGRESSIVE;
				GCC_WARN_UNUSED_FUNCTION = YES;
				GCC_WARN_UNUSED_VARIABLE = YES;
				IPHONEOS_DEPLOYMENT_TARGET = 17.5;
				LOCALIZATION_PREFERS_STRING_CATALOGS = YES;
				MTL_ENABLE_DEBUG_INFO = NO;
				MTL_FAST_MATH = YES;
				SDKROOT = iphoneos;
				SWIFT_COMPILATION_MODE = wholemodule;
				VALIDATE_PRODUCT = YES;
			};
			name = Release;
		};
		049CCEAB2C85990B001AA1C8 /* Debug */ = {
			isa = XCBuildConfiguration;
			buildSettings = {
				ASSETCATALOG_COMPILER_APPICON_NAME = AppIcon;
				ASSETCATALOG_COMPILER_GLOBAL_ACCENT_COLOR_NAME = AccentColor;
				CODE_SIGN_STYLE = Automatic;
				CURRENT_PROJECT_VERSION = 1;
				DEVELOPMENT_ASSET_PATHS = "\"MovieVerse/Preview Content\"";
				ENABLE_PREVIEWS = YES;
				GENERATE_INFOPLIST_FILE = YES;
				INFOPLIST_KEY_UIApplicationSceneManifest_Generation = YES;
				INFOPLIST_KEY_UIApplicationSupportsIndirectInputEvents = YES;
				INFOPLIST_KEY_UILaunchScreen_Generation = YES;
				INFOPLIST_KEY_UISupportedInterfaceOrientations_iPad = "UIInterfaceOrientationPortrait UIInterfaceOrientationPortraitUpsideDown UIInterfaceOrientationLandscapeLeft UIInterfaceOrientationLandscapeRight";
				INFOPLIST_KEY_UISupportedInterfaceOrientations_iPhone = "UIInterfaceOrientationPortrait UIInterfaceOrientationLandscapeLeft UIInterfaceOrientationLandscapeRight";
				IPHONEOS_DEPLOYMENT_TARGET = 15.0;
				LD_RUNPATH_SEARCH_PATHS = (
					"$(inherited)",
					"@executable_path/Frameworks",
				);
				MARKETING_VERSION = 1.0;
				PRODUCT_BUNDLE_IDENTIFIER = com.softmaticsolutions.MovieVerse;
				PRODUCT_NAME = "$(TARGET_NAME)";
				SWIFT_EMIT_LOC_STRINGS = YES;
				SWIFT_VERSION = 5.0;
				TARGETED_DEVICE_FAMILY = "1,2";
			};
			name = Debug;
		};
		049CCEAC2C85990B001AA1C8 /* Release */ = {
			isa = XCBuildConfiguration;
			buildSettings = {
				ASSETCATALOG_COMPILER_APPICON_NAME = AppIcon;
				ASSETCATALOG_COMPILER_GLOBAL_ACCENT_COLOR_NAME = AccentColor;
				CODE_SIGN_STYLE = Automatic;
				CURRENT_PROJECT_VERSION = 1;
				DEVELOPMENT_ASSET_PATHS = "\"MovieVerse/Preview Content\"";
				ENABLE_PREVIEWS = YES;
				GENERATE_INFOPLIST_FILE = YES;
				INFOPLIST_KEY_UIApplicationSceneManifest_Generation = YES;
				INFOPLIST_KEY_UIApplicationSupportsIndirectInputEvents = YES;
				INFOPLIST_KEY_UILaunchScreen_Generation = YES;
				INFOPLIST_KEY_UISupportedInterfaceOrientations_iPad = "UIInterfaceOrientationPortrait UIInterfaceOrientationPortraitUpsideDown UIInterfaceOrientationLandscapeLeft UIInterfaceOrientationLandscapeRight";
				INFOPLIST_KEY_UISupportedInterfaceOrientations_iPhone = "UIInterfaceOrientationPortrait UIInterfaceOrientationLandscapeLeft UIInterfaceOrientationLandscapeRight";
				IPHONEOS_DEPLOYMENT_TARGET = 15.0;
				LD_RUNPATH_SEARCH_PATHS = (
					"$(inherited)",
					"@executable_path/Frameworks",
				);
				MARKETING_VERSION = 1.0;
				PRODUCT_BUNDLE_IDENTIFIER = com.softmaticsolutions.MovieVerse;
				PRODUCT_NAME = "$(TARGET_NAME)";
				SWIFT_EMIT_LOC_STRINGS = YES;
				SWIFT_VERSION = 5.0;
				TARGETED_DEVICE_FAMILY = "1,2";
			};
			name = Release;
		};
/* End XCBuildConfiguration section */

/* Begin XCConfigurationList section */
		049CCE922C859905001AA1C8 /* Build configuration list for PBXProject "MovieVerse" */ = {
			isa = XCConfigurationList;
			buildConfigurations = (
				049CCEA82C85990B001AA1C8 /* Debug */,
				049CCEA92C85990B001AA1C8 /* Release */,
			);
			defaultConfigurationIsVisible = 0;
			defaultConfigurationName = Release;
		};
		049CCEAA2C85990B001AA1C8 /* Build configuration list for PBXNativeTarget "MovieVerse" */ = {
			isa = XCConfigurationList;
			buildConfigurations = (
				049CCEAB2C85990B001AA1C8 /* Debug */,
				049CCEAC2C85990B001AA1C8 /* Release */,
			);
			defaultConfigurationIsVisible = 0;
			defaultConfigurationName = Release;
		};
/* End XCConfigurationList section */

/* Begin XCVersionGroup section */
		049CCEA52C85990B001AA1C8 /* MovieVerse.xcdatamodeld */ = {
			isa = XCVersionGroup;
			children = (
				049CCEA62C85990B001AA1C8 /* MovieVerse.xcdatamodel */,
			);
			currentVersion = 049CCEA62C85990B001AA1C8 /* MovieVerse.xcdatamodel */;
			path = MovieVerse.xcdatamodeld;
			sourceTree = "<group>";
			versionGroupType = wrapper.xcdatamodel;
		};
/* End XCVersionGroup section */
	};
	rootObject = 049CCE8F2C859905001AA1C8 /* Project object */;
}
